
Microsoft Visual Studio Solution File, Format Version 12.00
# Visual Studio Version 17
VisualStudioVersion = 17.5.33424.131
MinimumVisualStudioVersion = 10.0.40219.1
Project("{2150E333-8FDC-42A3-9474-1A3956D46DE8}") = "Solution Items", "Solution Items", "{392887AB-1EE4-48DC-ADAC-04A9BD4DC4E3}"
	ProjectSection(SolutionItems) = preProject
		.gitignore = .gitignore
		README.md = README.md
	EndProjectSection
EndProject
Project("{2150E333-8FDC-42A3-9474-1A3956D46DE8}") = "hosted-payment-examples", "hosted-payment-examples", "{625F3BE7-97DA-4ABC-B2E7-1E530D694A92}"
EndProject
Project("{9A19103F-16F7-4668-BE54-9A1E7A4F7556}") = "razor-pages", "hosted-payment-examples\razor-pages\razor-pages.csproj", "{BBBD930E-84B2-4E3D-AEF4-2423C6445D65}"
EndProject
Project("{9A19103F-16F7-4668-BE54-9A1E7A4F7556}") = "mvc", "hosted-payment-examples\mvc\mvc.csproj", "{E94A6B90-6DFD-4A6F-AF4B-F4A36443F9AB}"
EndProject
Project("{2150E333-8FDC-42A3-9474-1A3956D46DE8}") = "with-dependency-injection", "with-dependency-injection", "{79047204-2E72-4823-8E8E-7B2EA0368FB8}"
EndProject
Project("{2150E333-8FDC-42A3-9474-1A3956D46DE8}") = "razor-pages", "razor-pages", "{3396C14E-39A0-4D78-9CB8-0F3F2391B660}"
EndProject
Project("{9A19103F-16F7-4668-BE54-9A1E7A4F7556}") = "web", "hosted-payment-examples\with-dependency-injection\razor-pages\web\web.csproj", "{420D05D9-08A6-432B-8187-59EFFA63A015}"
EndProject
Project("{9A19103F-16F7-4668-BE54-9A1E7A4F7556}") = "core", "hosted-payment-examples\with-dependency-injection\razor-pages\core\core.csproj", "{B7A9B528-3FB6-47E6-AC56-3613346CBCA7}"
EndProject
Project("{2150E333-8FDC-42A3-9474-1A3956D46DE8}") = "mvc", "mvc", "{16D3E85A-E429-45AC-AA55-1C9C45430E3E}"
EndProject
Project("{9A19103F-16F7-4668-BE54-9A1E7A4F7556}") = "web", "hosted-payment-examples\with-dependency-injection\mvc\web\web.csproj", "{2F1B5D1A-A3B2-4072-8851-B8F1D2F41D58}"
EndProject
Project("{9A19103F-16F7-4668-BE54-9A1E7A4F7556}") = "core", "hosted-payment-examples\with-dependency-injection\mvc\core\core.csproj", "{64C280DB-59E0-40E8-ABE4-452F3499476C}"
EndProject
Project("{2150E333-8FDC-42A3-9474-1A3956D46DE8}") = "using-configuration", "using-configuration", "{5C71E3C5-2130-446C-BEF7-89086DCE182D}"
EndProject
Project("{2150E333-8FDC-42A3-9474-1A3956D46DE8}") = "mvc", "mvc", "{B880A125-C478-43A9-A361-ECB4A7B47D9E}"
EndProject
Project("{FAE04EC0-301F-11D3-BF4B-00C04F79EFBC}") = "web", "hosted-payment-examples\using-configuration\mvc\web\web.csproj", "{EB278507-CD32-4CF1-89D4-165B5CF3522B}"
EndProject
Project("{FAE04EC0-301F-11D3-BF4B-00C04F79EFBC}") = "core", "hosted-payment-examples\using-configuration\mvc\core\core.csproj", "{A1D0D3CE-440B-49B9-91E6-AE7697A42050}"
EndProject
Project("{2150E333-8FDC-42A3-9474-1A3956D46DE8}") = "razor-pages", "razor-pages", "{F71D6395-8A84-4966-911C-B046B7092653}"
EndProject
Project("{FAE04EC0-301F-11D3-BF4B-00C04F79EFBC}") = "web", "hosted-payment-examples\using-configuration\razor-pages\web\web.csproj", "{4AD0A477-F5A3-44B0-B747-4F551EF1CB77}"
EndProject
Project("{FAE04EC0-301F-11D3-BF4B-00C04F79EFBC}") = "core", "hosted-payment-examples\using-configuration\razor-pages\core\core.csproj", "{0B72D581-F5BB-47F5-B60B-6EAF176CC4F5}"
EndProject
Global
	GlobalSection(SolutionConfigurationPlatforms) = preSolution
		Debug|Any CPU = Debug|Any CPU
		Release|Any CPU = Release|Any CPU
	EndGlobalSection
	GlobalSection(ProjectConfigurationPlatforms) = postSolution
		{BBBD930E-84B2-4E3D-AEF4-2423C6445D65}.Debug|Any CPU.ActiveCfg = Debug|Any CPU
		{BBBD930E-84B2-4E3D-AEF4-2423C6445D65}.Debug|Any CPU.Build.0 = Debug|Any CPU
		{BBBD930E-84B2-4E3D-AEF4-2423C6445D65}.Release|Any CPU.ActiveCfg = Release|Any CPU
		{BBBD930E-84B2-4E3D-AEF4-2423C6445D65}.Release|Any CPU.Build.0 = Release|Any CPU
		{E94A6B90-6DFD-4A6F-AF4B-F4A36443F9AB}.Debug|Any CPU.ActiveCfg = Debug|Any CPU
		{E94A6B90-6DFD-4A6F-AF4B-F4A36443F9AB}.Debug|Any CPU.Build.0 = Debug|Any CPU
		{E94A6B90-6DFD-4A6F-AF4B-F4A36443F9AB}.Release|Any CPU.ActiveCfg = Release|Any CPU
		{E94A6B90-6DFD-4A6F-AF4B-F4A36443F9AB}.Release|Any CPU.Build.0 = Release|Any CPU
		{420D05D9-08A6-432B-8187-59EFFA63A015}.Debug|Any CPU.ActiveCfg = Debug|Any CPU
		{420D05D9-08A6-432B-8187-59EFFA63A015}.Debug|Any CPU.Build.0 = Debug|Any CPU
		{420D05D9-08A6-432B-8187-59EFFA63A015}.Release|Any CPU.ActiveCfg = Release|Any CPU
		{420D05D9-08A6-432B-8187-59EFFA63A015}.Release|Any CPU.Build.0 = Release|Any CPU
		{B7A9B528-3FB6-47E6-AC56-3613346CBCA7}.Debug|Any CPU.ActiveCfg = Debug|Any CPU
		{B7A9B528-3FB6-47E6-AC56-3613346CBCA7}.Debug|Any CPU.Build.0 = Debug|Any CPU
		{B7A9B528-3FB6-47E6-AC56-3613346CBCA7}.Release|Any CPU.ActiveCfg = Release|Any CPU
		{B7A9B528-3FB6-47E6-AC56-3613346CBCA7}.Release|Any CPU.Build.0 = Release|Any CPU
		{2F1B5D1A-A3B2-4072-8851-B8F1D2F41D58}.Debug|Any CPU.ActiveCfg = Debug|Any CPU
		{2F1B5D1A-A3B2-4072-8851-B8F1D2F41D58}.Debug|Any CPU.Build.0 = Debug|Any CPU
		{2F1B5D1A-A3B2-4072-8851-B8F1D2F41D58}.Release|Any CPU.ActiveCfg = Release|Any CPU
		{2F1B5D1A-A3B2-4072-8851-B8F1D2F41D58}.Release|Any CPU.Build.0 = Release|Any CPU
		{64C280DB-59E0-40E8-ABE4-452F3499476C}.Debug|Any CPU.ActiveCfg = Debug|Any CPU
		{64C280DB-59E0-40E8-ABE4-452F3499476C}.Debug|Any CPU.Build.0 = Debug|Any CPU
		{64C280DB-59E0-40E8-ABE4-452F3499476C}.Release|Any CPU.ActiveCfg = Release|Any CPU
		{64C280DB-59E0-40E8-ABE4-452F3499476C}.Release|Any CPU.Build.0 = Release|Any CPU
		{EB278507-CD32-4CF1-89D4-165B5CF3522B}.Debug|Any CPU.ActiveCfg = Debug|Any CPU
		{EB278507-CD32-4CF1-89D4-165B5CF3522B}.Debug|Any CPU.Build.0 = Debug|Any CPU
		{EB278507-CD32-4CF1-89D4-165B5CF3522B}.Release|Any CPU.ActiveCfg = Release|Any CPU
		{EB278507-CD32-4CF1-89D4-165B5CF3522B}.Release|Any CPU.Build.0 = Release|Any CPU
		{A1D0D3CE-440B-49B9-91E6-AE7697A42050}.Debug|Any CPU.ActiveCfg = Debug|Any CPU
		{A1D0D3CE-440B-49B9-91E6-AE7697A42050}.Debug|Any CPU.Build.0 = Debug|Any CPU
		{A1D0D3CE-440B-49B9-91E6-AE7697A42050}.Release|Any CPU.ActiveCfg = Release|Any CPU
		{A1D0D3CE-440B-49B9-91E6-AE7697A42050}.Release|Any CPU.Build.0 = Release|Any CPU
		{4AD0A477-F5A3-44B0-B747-4F551EF1CB77}.Debug|Any CPU.ActiveCfg = Debug|Any CPU
		{4AD0A477-F5A3-44B0-B747-4F551EF1CB77}.Debug|Any CPU.Build.0 = Debug|Any CPU
		{4AD0A477-F5A3-44B0-B747-4F551EF1CB77}.Release|Any CPU.ActiveCfg = Release|Any CPU
		{4AD0A477-F5A3-44B0-B747-4F551EF1CB77}.Release|Any CPU.Build.0 = Release|Any CPU
		{0B72D581-F5BB-47F5-B60B-6EAF176CC4F5}.Debug|Any CPU.ActiveCfg = Debug|Any CPU
		{0B72D581-F5BB-47F5-B60B-6EAF176CC4F5}.Debug|Any CPU.Build.0 = Debug|Any CPU
		{0B72D581-F5BB-47F5-B60B-6EAF176CC4F5}.Release|Any CPU.ActiveCfg = Release|Any CPU
		{0B72D581-F5BB-47F5-B60B-6EAF176CC4F5}.Release|Any CPU.Build.0 = Release|Any CPU
	EndGlobalSection
	GlobalSection(SolutionProperties) = preSolution
		HideSolutionNode = FALSE
	EndGlobalSection
	GlobalSection(NestedProjects) = preSolution
		{BBBD930E-84B2-4E3D-AEF4-2423C6445D65} = {625F3BE7-97DA-4ABC-B2E7-1E530D694A92}
		{E94A6B90-6DFD-4A6F-AF4B-F4A36443F9AB} = {625F3BE7-97DA-4ABC-B2E7-1E530D694A92}
		{79047204-2E72-4823-8E8E-7B2EA0368FB8} = {625F3BE7-97DA-4ABC-B2E7-1E530D694A92}
		{3396C14E-39A0-4D78-9CB8-0F3F2391B660} = {79047204-2E72-4823-8E8E-7B2EA0368FB8}
		{420D05D9-08A6-432B-8187-59EFFA63A015} = {3396C14E-39A0-4D78-9CB8-0F3F2391B660}
		{B7A9B528-3FB6-47E6-AC56-3613346CBCA7} = {3396C14E-39A0-4D78-9CB8-0F3F2391B660}
		{16D3E85A-E429-45AC-AA55-1C9C45430E3E} = {79047204-2E72-4823-8E8E-7B2EA0368FB8}
		{2F1B5D1A-A3B2-4072-8851-B8F1D2F41D58} = {16D3E85A-E429-45AC-AA55-1C9C45430E3E}
		{64C280DB-59E0-40E8-ABE4-452F3499476C} = {16D3E85A-E429-45AC-AA55-1C9C45430E3E}
		{5C71E3C5-2130-446C-BEF7-89086DCE182D} = {625F3BE7-97DA-4ABC-B2E7-1E530D694A92}
		{B880A125-C478-43A9-A361-ECB4A7B47D9E} = {5C71E3C5-2130-446C-BEF7-89086DCE182D}
		{EB278507-CD32-4CF1-89D4-165B5CF3522B} = {B880A125-C478-43A9-A361-ECB4A7B47D9E}
		{A1D0D3CE-440B-49B9-91E6-AE7697A42050} = {B880A125-C478-43A9-A361-ECB4A7B47D9E}
		{F71D6395-8A84-4966-911C-B046B7092653} = {5C71E3C5-2130-446C-BEF7-89086DCE182D}
		{4AD0A477-F5A3-44B0-B747-4F551EF1CB77} = {F71D6395-8A84-4966-911C-B046B7092653}
		{0B72D581-F5BB-47F5-B60B-6EAF176CC4F5} = {F71D6395-8A84-4966-911C-B046B7092653}
	EndGlobalSection
	GlobalSection(ExtensibilityGlobals) = postSolution
		SolutionGuid = {5746C9A5-22A9-4BC8-855E-409723BE02AC}
	EndGlobalSection
EndGlobal
